
Microsoft Visual Studio Solution File, Format Version 12.00
# Visual Studio 2013
VisualStudioVersion = 12.0.30501.0
MinimumVisualStudioVersion = 10.0.40219.1
Project("{8BC9CEB8-8B4A-11D0-8D11-00A0C91BC942}") = "ep2Arq", "ep2Arq\ep2Arq.vcxproj", "{19BFAF7B-F632-4681-9324-387D547B3C7A}"
EndProject
Project("{2150E333-8FDC-42A3-9474-1A3956D46DE8}") = ".nuget", ".nuget", "{6FA09973-08D4-4058-968E-E8E5158C6F5F}"
	ProjectSection(SolutionItems) = preProject
		.nuget\NuGet.Config = .nuget\NuGet.Config
		.nuget\NuGet.exe = .nuget\NuGet.exe
		.nuget\NuGet.targets = .nuget\NuGet.targets
	EndProjectSection
EndProject
Global
	GlobalSection(SolutionConfigurationPlatforms) = preSolution
		Debug|Win32 = Debug|Win32
		Release|Win32 = Release|Win32
	EndGlobalSection
	GlobalSection(ProjectConfigurationPlatforms) = postSolution
		{19BFAF7B-F632-4681-9324-387D547B3C7A}.Debug|Win32.ActiveCfg = Debug|Win32
		{19BFAF7B-F632-4681-9324-387D547B3C7A}.Debug|Win32.Build.0 = Debug|Win32
		{19BFAF7B-F632-4681-9324-387D547B3C7A}.Release|Win32.ActiveCfg = Release|Win32
		{19BFAF7B-F632-4681-9324-387D547B3C7A}.Release|Win32.Build.0 = Release|Win32
	EndGlobalSection
	GlobalSection(SolutionProperties) = preSolution
		HideSolutionNode = FALSE
	EndGlobalSection
EndGlobal
